
Microsoft Visual Studio Solution File, Format Version 12.00
# Visual Studio Version 17
VisualStudioVersion = 17.1.32228.430
MinimumVisualStudioVersion = 10.0.40219.1
Project("{FAE04EC0-301F-11D3-BF4B-00C04F79EFBC}") = "UserWindowApp", "UserWindowApp.csproj", "{F639CDFF-5BBE-4442-B905-9FE652EB8C0C}"
EndProject
Global
	GlobalSection(SolutionConfigurationPlatforms) = preSolution
		Debug|Any CPU = Debug|Any CPU
		Release|Any CPU = Release|Any CPU
	EndGlobalSection
	GlobalSection(ProjectConfigurationPlatforms) = postSolution
		{F639CDFF-5BBE-4442-B905-9FE652EB8C0C}.Debug|Any CPU.ActiveCfg = Debug|Any CPU
		{F639CDFF-5BBE-4442-B905-9FE652EB8C0C}.Debug|Any CPU.Build.0 = Debug|Any CPU
		{F639CDFF-5BBE-4442-B905-9FE652EB8C0C}.Release|Any CPU.ActiveCfg = Release|Any CPU
		{F639CDFF-5BBE-4442-B905-9FE652EB8C0C}.Release|Any CPU.Build.0 = Release|Any CPU
	EndGlobalSection
	GlobalSection(SolutionProperties) = preSolution
		HideSolutionNode = FALSE
	EndGlobalSection
	GlobalSection(ExtensibilityGlobals) = postSolution
		SolutionGuid = {C09D6CA0-0BCE-4D40-B4AB-4F1115AE81A9}
	EndGlobalSection
EndGlobal
